
Microsoft Visual Studio Solution File, Format Version 12.00
# Visual Studio 14
VisualStudioVersion = 14.0.24720.0
MinimumVisualStudioVersion = 10.0.40219.1
Project("{FAE04EC0-301F-11D3-BF4B-00C04F79EFBC}") = "ModelLibrary", "ModelLibrary\ModelLibrary.csproj", "{428D4DC9-2E0B-4F4E-B1E3-DCF6803CD633}"
EndProject
Project("{FAE04EC0-301F-11D3-BF4B-00C04F79EFBC}") = "WPF_RegistrationSystem", "WPF_RegistrationSystem\WPF_RegistrationSystem.csproj", "{AFD7F46F-5429-4EB3-A0E5-56DAF4F71BCE}"
EndProject
Project("{FAE04EC0-301F-11D3-BF4B-00C04F79EFBC}") = "ConsoleApplication1", "ConsoleApplication1\ConsoleApplication1.csproj", "{67156A54-F2DC-479E-9EB7-657AE4F92C18}"
EndProject
Project("{FAE04EC0-301F-11D3-BF4B-00C04F79EFBC}") = "ActivityRegistration", "ActivityRegistration\ActivityRegistration.csproj", "{D243D741-E77E-4785-97A9-E89592A04708}"
EndProject
Global
	GlobalSection(SolutionConfigurationPlatforms) = preSolution
		Debug|Any CPU = Debug|Any CPU
		Release|Any CPU = Release|Any CPU
	EndGlobalSection
	GlobalSection(ProjectConfigurationPlatforms) = postSolution
		{428D4DC9-2E0B-4F4E-B1E3-DCF6803CD633}.Debug|Any CPU.ActiveCfg = Debug|Any CPU
		{428D4DC9-2E0B-4F4E-B1E3-DCF6803CD633}.Debug|Any CPU.Build.0 = Debug|Any CPU
		{428D4DC9-2E0B-4F4E-B1E3-DCF6803CD633}.Release|Any CPU.ActiveCfg = Release|Any CPU
		{428D4DC9-2E0B-4F4E-B1E3-DCF6803CD633}.Release|Any CPU.Build.0 = Release|Any CPU
		{AFD7F46F-5429-4EB3-A0E5-56DAF4F71BCE}.Debug|Any CPU.ActiveCfg = Debug|Any CPU
		{AFD7F46F-5429-4EB3-A0E5-56DAF4F71BCE}.Debug|Any CPU.Build.0 = Debug|Any CPU
		{AFD7F46F-5429-4EB3-A0E5-56DAF4F71BCE}.Release|Any CPU.ActiveCfg = Release|Any CPU
		{AFD7F46F-5429-4EB3-A0E5-56DAF4F71BCE}.Release|Any CPU.Build.0 = Release|Any CPU
		{67156A54-F2DC-479E-9EB7-657AE4F92C18}.Debug|Any CPU.ActiveCfg = Debug|Any CPU
		{67156A54-F2DC-479E-9EB7-657AE4F92C18}.Debug|Any CPU.Build.0 = Debug|Any CPU
		{67156A54-F2DC-479E-9EB7-657AE4F92C18}.Release|Any CPU.ActiveCfg = Release|Any CPU
		{67156A54-F2DC-479E-9EB7-657AE4F92C18}.Release|Any CPU.Build.0 = Release|Any CPU
		{D243D741-E77E-4785-97A9-E89592A04708}.Debug|Any CPU.ActiveCfg = Debug|Any CPU
		{D243D741-E77E-4785-97A9-E89592A04708}.Debug|Any CPU.Build.0 = Debug|Any CPU
		{D243D741-E77E-4785-97A9-E89592A04708}.Release|Any CPU.ActiveCfg = Release|Any CPU
		{D243D741-E77E-4785-97A9-E89592A04708}.Release|Any CPU.Build.0 = Release|Any CPU
	EndGlobalSection
	GlobalSection(SolutionProperties) = preSolution
		HideSolutionNode = FALSE
	EndGlobalSection
EndGlobal
